
Microsoft Visual Studio Solution File, Format Version 12.00
# Visual Studio Version 17
VisualStudioVersion = 17.3.32929.385
MinimumVisualStudioVersion = 10.0.40219.1
Project("{FAE04EC0-301F-11D3-BF4B-00C04F79EFBC}") = "api-output", "api-output\api-output.csproj", "{2F9EF913-78C6-4889-A266-58FC12ECF32E}"
EndProject
Global
	GlobalSection(SolutionConfigurationPlatforms) = preSolution
		Debug|Any CPU = Debug|Any CPU
		Release|Any CPU = Release|Any CPU
	EndGlobalSection
	GlobalSection(ProjectConfigurationPlatforms) = postSolution
		{2F9EF913-78C6-4889-A266-58FC12ECF32E}.Debug|Any CPU.ActiveCfg = Debug|Any CPU
		{2F9EF913-78C6-4889-A266-58FC12ECF32E}.Debug|Any CPU.Build.0 = Debug|Any CPU
		{2F9EF913-78C6-4889-A266-58FC12ECF32E}.Release|Any CPU.ActiveCfg = Release|Any CPU
		{2F9EF913-78C6-4889-A266-58FC12ECF32E}.Release|Any CPU.Build.0 = Release|Any CPU
	EndGlobalSection
	GlobalSection(SolutionProperties) = preSolution
		HideSolutionNode = FALSE
	EndGlobalSection
	GlobalSection(ExtensibilityGlobals) = postSolution
		SolutionGuid = {A59BA75D-3A74-4D6F-94D9-4D79220315DC}
	EndGlobalSection
EndGlobal
